
Microsoft Visual Studio Solution File, Format Version 12.00
# Visual Studio for Mac
Project("{FAE04EC0-301F-11D3-BF4B-00C04F79EFBC}") = "csci-ua480", "Assembly-CSharp.csproj", "{06825E8D-D2C0-F355-C349-9E9527021A04}"
EndProject
Project("{FAE04EC0-301F-11D3-BF4B-00C04F79EFBC}") = "csci-ua480", "Assembly-CSharp-Editor.csproj", "{8E9A2718-1F78-5EDE-B0BD-7C6C1961677B}"
EndProject
Global
	GlobalSection(SolutionConfigurationPlatforms) = preSolution
		Debug|Any CPU = Debug|Any CPU
		Release|Any CPU = Release|Any CPU
	EndGlobalSection
	GlobalSection(ProjectConfigurationPlatforms) = postSolution
		{06825E8D-D2C0-F355-C349-9E9527021A04}.Debug|Any CPU.ActiveCfg = Debug|Any CPU
		{06825E8D-D2C0-F355-C349-9E9527021A04}.Debug|Any CPU.Build.0 = Debug|Any CPU
		{06825E8D-D2C0-F355-C349-9E9527021A04}.Release|Any CPU.ActiveCfg = Release|Any CPU
		{06825E8D-D2C0-F355-C349-9E9527021A04}.Release|Any CPU.Build.0 = Release|Any CPU
		{8E9A2718-1F78-5EDE-B0BD-7C6C1961677B}.Debug|Any CPU.ActiveCfg = Debug|Any CPU
		{8E9A2718-1F78-5EDE-B0BD-7C6C1961677B}.Debug|Any CPU.Build.0 = Debug|Any CPU
		{8E9A2718-1F78-5EDE-B0BD-7C6C1961677B}.Release|Any CPU.ActiveCfg = Release|Any CPU
		{8E9A2718-1F78-5EDE-B0BD-7C6C1961677B}.Release|Any CPU.Build.0 = Release|Any CPU
	EndGlobalSection
	GlobalSection(SolutionProperties) = preSolution
		HideSolutionNode = FALSE
	EndGlobalSection
EndGlobal
